// !$*UTF8*$!
{
	archiveVersion = 1;
	classes = {
	};
	objectVersion = 46;
	objects = {

/* Begin PBXBuildFile section */
		7141B2E6193DBDFD0084F9F1 /* Foundation.framework in Frameworks */ = {isa = PBXBuildFile; fileRef = 7141B2E5193DBDFD0084F9F1 /* Foundation.framework */; };
		7141B2E8193DBDFD0084F9F1 /* CoreGraphics.framework in Frameworks */ = {isa = PBXBuildFile; fileRef = 7141B2E7193DBDFD0084F9F1 /* CoreGraphics.framework */; };
		7141B2EA193DBDFD0084F9F1 /* UIKit.framework in Frameworks */ = {isa = PBXBuildFile; fileRef = 7141B2E9193DBDFD0084F9F1 /* UIKit.framework */; };
		7141B2F0193DBDFD0084F9F1 /* InfoPlist.strings in Resources */ = {isa = PBXBuildFile; fileRef = 7141B2EE193DBDFD0084F9F1 /* InfoPlist.strings */; };
		7141B2F2193DBDFD0084F9F1 /* main.m in Sources */ = {isa = PBXBuildFile; fileRef = 7141B2F1193DBDFD0084F9F1 /* main.m */; };
		7141B2F6193DBDFD0084F9F1 /* POAppDelegate.m in Sources */ = {isa = PBXBuildFile; fileRef = 7141B2F5193DBDFD0084F9F1 /* POAppDelegate.m */; };
		7141B2F8193DBDFD0084F9F1 /* Images.xcassets in Resources */ = {isa = PBXBuildFile; fileRef = 7141B2F7193DBDFD0084F9F1 /* Images.xcassets */; };
		7141B2FF193DBDFE0084F9F1 /* XCTest.framework in Frameworks */ = {isa = PBXBuildFile; fileRef = 7141B2FE193DBDFE0084F9F1 /* XCTest.framework */; };
		7141B300193DBDFE0084F9F1 /* Foundation.framework in Frameworks */ = {isa = PBXBuildFile; fileRef = 7141B2E5193DBDFD0084F9F1 /* Foundation.framework */; };
		7141B301193DBDFE0084F9F1 /* UIKit.framework in Frameworks */ = {isa = PBXBuildFile; fileRef = 7141B2E9193DBDFD0084F9F1 /* UIKit.framework */; };
		7141B309193DBDFE0084F9F1 /* InfoPlist.strings in Resources */ = {isa = PBXBuildFile; fileRef = 7141B307193DBDFE0084F9F1 /* InfoPlist.strings */; };
		7141B30B193DBDFE0084F9F1 /* The_PomodoroTests.m in Sources */ = {isa = PBXBuildFile; fileRef = 7141B30A193DBDFE0084F9F1 /* The_PomodoroTests.m */; };
/* End PBXBuildFile section */

/* Begin PBXContainerItemProxy section */
		7141B302193DBDFE0084F9F1 /* PBXContainerItemProxy */ = {
			isa = PBXContainerItemProxy;
			containerPortal = 7141B2DA193DBDFD0084F9F1 /* Project object */;
			proxyType = 1;
			remoteGlobalIDString = 7141B2E1193DBDFD0084F9F1;
			remoteInfo = "The Pomodoro";
		};
/* End PBXContainerItemProxy section */

/* Begin PBXFileReference section */
		7141B2E2193DBDFD0084F9F1 /* The Pomodoro.app */ = {isa = PBXFileReference; explicitFileType = wrapper.application; includeInIndex = 0; path = "The Pomodoro.app"; sourceTree = BUILT_PRODUCTS_DIR; };
		7141B2E5193DBDFD0084F9F1 /* Foundation.framework */ = {isa = PBXFileReference; lastKnownFileType = wrapper.framework; name = Foundation.framework; path = System/Library/Frameworks/Foundation.framework; sourceTree = SDKROOT; };
		7141B2E7193DBDFD0084F9F1 /* CoreGraphics.framework */ = {isa = PBXFileReference; lastKnownFileType = wrapper.framework; name = CoreGraphics.framework; path = System/Library/Frameworks/CoreGraphics.framework; sourceTree = SDKROOT; };
		7141B2E9193DBDFD0084F9F1 /* UIKit.framework */ = {isa = PBXFileReference; lastKnownFileType = wrapper.framework; name = UIKit.framework; path = System/Library/Frameworks/UIKit.framework; sourceTree = SDKROOT; };
		7141B2ED193DBDFD0084F9F1 /* The Pomodoro-Info.plist */ = {isa = PBXFileReference; lastKnownFileType = text.plist.xml; path = "The Pomodoro-Info.plist"; sourceTree = "<group>"; };
		7141B2EF193DBDFD0084F9F1 /* en */ = {isa = PBXFileReference; lastKnownFileType = text.plist.strings; name = en; path = en.lproj/InfoPlist.strings; sourceTree = "<group>"; };
		7141B2F1193DBDFD0084F9F1 /* main.m */ = {isa = PBXFileReference; lastKnownFileType = sourcecode.c.objc; path = main.m; sourceTree = "<group>"; };
		7141B2F3193DBDFD0084F9F1 /* The Pomodoro-Prefix.pch */ = {isa = PBXFileReference; lastKnownFileType = sourcecode.c.h; path = "The Pomodoro-Prefix.pch"; sourceTree = "<group>"; };
		7141B2F4193DBDFD0084F9F1 /* POAppDelegate.h */ = {isa = PBXFileReference; lastKnownFileType = sourcecode.c.h; path = POAppDelegate.h; sourceTree = "<group>"; };
		7141B2F5193DBDFD0084F9F1 /* POAppDelegate.m */ = {isa = PBXFileReference; lastKnownFileType = sourcecode.c.objc; path = POAppDelegate.m; sourceTree = "<group>"; };
		7141B2F7193DBDFD0084F9F1 /* Images.xcassets */ = {isa = PBXFileReference; lastKnownFileType = folder.assetcatalog; path = Images.xcassets; sourceTree = "<group>"; };
		7141B2FD193DBDFE0084F9F1 /* The PomodoroTests.xctest */ = {isa = PBXFileReference; explicitFileType = wrapper.cfbundle; includeInIndex = 0; path = "The PomodoroTests.xctest"; sourceTree = BUILT_PRODUCTS_DIR; };
		7141B2FE193DBDFE0084F9F1 /* XCTest.framework */ = {isa = PBXFileReference; lastKnownFileType = wrapper.framework; name = XCTest.framework; path = Library/Frameworks/XCTest.framework; sourceTree = DEVELOPER_DIR; };
		7141B306193DBDFE0084F9F1 /* The PomodoroTests-Info.plist */ = {isa = PBXFileReference; lastKnownFileType = text.plist.xml; path = "The PomodoroTests-Info.plist"; sourceTree = "<group>"; };
		7141B308193DBDFE0084F9F1 /* en */ = {isa = PBXFileReference; lastKnownFileType = text.plist.strings; name = en; path = en.lproj/InfoPlist.strings; sourceTree = "<group>"; };
		7141B30A193DBDFE0084F9F1 /* The_PomodoroTests.m */ = {isa = PBXFileReference; lastKnownFileType = sourcecode.c.objc; path = The_PomodoroTests.m; sourceTree = "<group>"; };
/* End PBXFileReference section */

/* Begin PBXFrameworksBuildPhase section */
		7141B2DF193DBDFD0084F9F1 /* Frameworks */ = {
			isa = PBXFrameworksBuildPhase;
			buildActionMask = 2147483647;
			files = (
				7141B2E8193DBDFD0084F9F1 /* CoreGraphics.framework in Frameworks */,
				7141B2EA193DBDFD0084F9F1 /* UIKit.framework in Frameworks */,
				7141B2E6193DBDFD0084F9F1 /* Foundation.framework in Frameworks */,
			);
			runOnlyForDeploymentPostprocessing = 0;
		};
		7141B2FA193DBDFE0084F9F1 /* Frameworks */ = {
			isa = PBXFrameworksBuildPhase;
			buildActionMask = 2147483647;
			files = (
				7141B2FF193DBDFE0084F9F1 /* XCTest.framework in Frameworks */,
				7141B301193DBDFE0084F9F1 /* UIKit.framework in Frameworks */,
				7141B300193DBDFE0084F9F1 /* Foundation.framework in Frameworks */,
			);
			runOnlyForDeploymentPostprocessing = 0;
		};
/* End PBXFrameworksBuildPhase section */

/* Begin PBXGroup section */
		7141B2D9193DBDFD0084F9F1 = {
			isa = PBXGroup;
			children = (
				7141B2EB193DBDFD0084F9F1 /* The Pomodoro */,
				7141B304193DBDFE0084F9F1 /* The PomodoroTests */,
				7141B2E4193DBDFD0084F9F1 /* Frameworks */,
				7141B2E3193DBDFD0084F9F1 /* Products */,
			);
			sourceTree = "<group>";
		};
		7141B2E3193DBDFD0084F9F1 /* Products */ = {
			isa = PBXGroup;
			children = (
				7141B2E2193DBDFD0084F9F1 /* The Pomodoro.app */,
				7141B2FD193DBDFE0084F9F1 /* The PomodoroTests.xctest */,
			);
			name = Products;
			sourceTree = "<group>";
		};
		7141B2E4193DBDFD0084F9F1 /* Frameworks */ = {
			isa = PBXGroup;
			children = (
				7141B2E5193DBDFD0084F9F1 /* Foundation.framework */,
				7141B2E7193DBDFD0084F9F1 /* CoreGraphics.framework */,
				7141B2E9193DBDFD0084F9F1 /* UIKit.framework */,
				7141B2FE193DBDFE0084F9F1 /* XCTest.framework */,
			);
			name = Frameworks;
			sourceTree = "<group>";
		};
		7141B2EB193DBDFD0084F9F1 /* The Pomodoro */ = {
			isa = PBXGroup;
			children = (
				7141B2F4193DBDFD0084F9F1 /* POAppDelegate.h */,
				7141B2F5193DBDFD0084F9F1 /* POAppDelegate.m */,
				7141B2F7193DBDFD0084F9F1 /* Images.xcassets */,
				7141B2EC193DBDFD0084F9F1 /* Supporting Files */,
			);
			path = "The Pomodoro";
			sourceTree = "<group>";
		};
		7141B2EC193DBDFD0084F9F1 /* Supporting Files */ = {
			isa = PBXGroup;
			children = (
				7141B2ED193DBDFD0084F9F1 /* The Pomodoro-Info.plist */,
				7141B2EE193DBDFD0084F9F1 /* InfoPlist.strings */,
				7141B2F1193DBDFD0084F9F1 /* main.m */,
				7141B2F3193DBDFD0084F9F1 /* The Pomodoro-Prefix.pch */,
			);
			name = "Supporting Files";
			sourceTree = "<group>";
		};
		7141B304193DBDFE0084F9F1 /* The PomodoroTests */ = {
			isa = PBXGroup;
			children = (
				7141B30A193DBDFE0084F9F1 /* The_PomodoroTests.m */,
				7141B305193DBDFE0084F9F1 /* Supporting Files */,
			);
			path = "The PomodoroTests";
			sourceTree = "<group>";
		};
		7141B305193DBDFE0084F9F1 /* Supporting Files */ = {
			isa = PBXGroup;
			children = (
				7141B306193DBDFE0084F9F1 /* The PomodoroTests-Info.plist */,
				7141B307193DBDFE0084F9F1 /* InfoPlist.strings */,
			);
			name = "Supporting Files";
			sourceTree = "<group>";
		};
/* End PBXGroup section */

/* Begin PBXNativeTarget section */
		7141B2E1193DBDFD0084F9F1 /* The Pomodoro */ = {
			isa = PBXNativeTarget;
			buildConfigurationList = 7141B30E193DBDFE0084F9F1 /* Build configuration list for PBXNativeTarget "The Pomodoro" */;
			buildPhases = (
				7141B2DE193DBDFD0084F9F1 /* Sources */,
				7141B2DF193DBDFD0084F9F1 /* Frameworks */,
				7141B2E0193DBDFD0084F9F1 /* Resources */,
			);
			buildRules = (
			);
			dependencies = (
			);
			name = "The Pomodoro";
			productName = "The Pomodoro";
			productReference = 7141B2E2193DBDFD0084F9F1 /* The Pomodoro.app */;
			productType = "com.apple.product-type.application";
		};
		7141B2FC193DBDFE0084F9F1 /* The PomodoroTests */ = {
			isa = PBXNativeTarget;
			buildConfigurationList = 7141B311193DBDFE0084F9F1 /* Build configuration list for PBXNativeTarget "The PomodoroTests" */;
			buildPhases = (
				7141B2F9193DBDFE0084F9F1 /* Sources */,
				7141B2FA193DBDFE0084F9F1 /* Frameworks */,
				7141B2FB193DBDFE0084F9F1 /* Resources */,
			);
			buildRules = (
			);
			dependencies = (
				7141B303193DBDFE0084F9F1 /* PBXTargetDependency */,
			);
			name = "The PomodoroTests";
			productName = "The PomodoroTests";
			productReference = 7141B2FD193DBDFE0084F9F1 /* The PomodoroTests.xctest */;
			productType = "com.apple.product-type.bundle.unit-test";
		};
/* End PBXNativeTarget section */

/* Begin PBXProject section */
		7141B2DA193DBDFD0084F9F1 /* Project object */ = {
			isa = PBXProject;
			attributes = {
				CLASSPREFIX = PO;
				LastUpgradeCheck = 0510;
				ORGANIZATIONNAME = DevMountain;
				TargetAttributes = {
					7141B2FC193DBDFE0084F9F1 = {
						TestTargetID = 7141B2E1193DBDFD0084F9F1;
					};
				};
			};
			buildConfigurationList = 7141B2DD193DBDFD0084F9F1 /* Build configuration list for PBXProject "The Pomodoro" */;
			compatibilityVersion = "Xcode 3.2";
			developmentRegion = English;
			hasScannedForEncodings = 0;
			knownRegions = (
				en,
			);
			mainGroup = 7141B2D9193DBDFD0084F9F1;
			productRefGroup = 7141B2E3193DBDFD0084F9F1 /* Products */;
			projectDirPath = "";
			projectRoot = "";
			targets = (
				7141B2E1193DBDFD0084F9F1 /* The Pomodoro */,
				7141B2FC193DBDFE0084F9F1 /* The PomodoroTests */,
			);
		};
/* End PBXProject section */

/* Begin PBXResourcesBuildPhase section */
		7141B2E0193DBDFD0084F9F1 /* Resources */ = {
			isa = PBXResourcesBuildPhase;
			buildActionMask = 2147483647;
			files = (
				7141B2F0193DBDFD0084F9F1 /* InfoPlist.strings in Resources */,
				7141B2F8193DBDFD0084F9F1 /* Images.xcassets in Resources */,
			);
			runOnlyForDeploymentPostprocessing = 0;
		};
		7141B2FB193DBDFE0084F9F1 /* Resources */ = {
			isa = PBXResourcesBuildPhase;
			buildActionMask = 2147483647;
			files = (
				7141B309193DBDFE0084F9F1 /* InfoPlist.strings in Resources */,
			);
			runOnlyForDeploymentPostprocessing = 0;
		};
/* End PBXResourcesBuildPhase section */

/* Begin PBXSourcesBuildPhase section */
		7141B2DE193DBDFD0084F9F1 /* Sources */ = {
			isa = PBXSourcesBuildPhase;
			buildActionMask = 2147483647;
			files = (
				7141B2F2193DBDFD0084F9F1 /* main.m in Sources */,
				7141B2F6193DBDFD0084F9F1 /* POAppDelegate.m in Sources */,
			);
			runOnlyForDeploymentPostprocessing = 0;
		};
		7141B2F9193DBDFE0084F9F1 /* Sources */ = {
			isa = PBXSourcesBuildPhase;
			buildActionMask = 2147483647;
			files = (
				7141B30B193DBDFE0084F9F1 /* The_PomodoroTests.m in Sources */,
			);
			runOnlyForDeploymentPostprocessing = 0;
		};
/* End PBXSourcesBuildPhase section */

/* Begin PBXTargetDependency section */
		7141B303193DBDFE0084F9F1 /* PBXTargetDependency */ = {
			isa = PBXTargetDependency;
			target = 7141B2E1193DBDFD0084F9F1 /* The Pomodoro */;
			targetProxy = 7141B302193DBDFE0084F9F1 /* PBXContainerItemProxy */;
		};
/* End PBXTargetDependency section */

/* Begin PBXVariantGroup section */
		7141B2EE193DBDFD0084F9F1 /* InfoPlist.strings */ = {
			isa = PBXVariantGroup;
			children = (
				7141B2EF193DBDFD0084F9F1 /* en */,
			);
			name = InfoPlist.strings;
			sourceTree = "<group>";
		};
		7141B307193DBDFE0084F9F1 /* InfoPlist.strings */ = {
			isa = PBXVariantGroup;
			children = (
				7141B308193DBDFE0084F9F1 /* en */,
			);
			name = InfoPlist.strings;
			sourceTree = "<group>";
		};
/* End PBXVariantGroup section */

/* Begin XCBuildConfiguration section */
		7141B30C193DBDFE0084F9F1 /* Debug */ = {
			isa = XCBuildConfiguration;
			buildSettings = {
				ALWAYS_SEARCH_USER_PATHS = NO;
				CLANG_CXX_LANGUAGE_STANDARD = "gnu++0x";
				CLANG_CXX_LIBRARY = "libc++";
				CLANG_ENABLE_MODULES = YES;
				CLANG_ENABLE_OBJC_ARC = YES;
				CLANG_WARN_BOOL_CONVERSION = YES;
				CLANG_WARN_CONSTANT_CONVERSION = YES;
				CLANG_WARN_DIRECT_OBJC_ISA_USAGE = YES_ERROR;
				CLANG_WARN_EMPTY_BODY = YES;
				CLANG_WARN_ENUM_CONVERSION = YES;
				CLANG_WARN_INT_CONVERSION = YES;
				CLANG_WARN_OBJC_ROOT_CLASS = YES_ERROR;
				CLANG_WARN__DUPLICATE_METHOD_MATCH = YES;
				"CODE_SIGN_IDENTITY[sdk=iphoneos*]" = "iPhone Developer";
				COPY_PHASE_STRIP = NO;
				GCC_C_LANGUAGE_STANDARD = gnu99;
				GCC_DYNAMIC_NO_PIC = NO;
				GCC_OPTIMIZATION_LEVEL = 0;
				GCC_PREPROCESSOR_DEFINITIONS = (
					"DEBUG=1",
					"$(inherited)",
				);
				GCC_SYMBOLS_PRIVATE_EXTERN = NO;
				GCC_WARN_64_TO_32_BIT_CONVERSION = YES;
				GCC_WARN_ABOUT_RETURN_TYPE = YES_ERROR;
				GCC_WARN_UNDECLARED_SELECTOR = YES;
				GCC_WARN_UNINITIALIZED_AUTOS = YES_AGGRESSIVE;
				GCC_WARN_UNUSED_FUNCTION = YES;
				GCC_WARN_UNUSED_VARIABLE = YES;
				IPHONEOS_DEPLOYMENT_TARGET = 7.1;
				ONLY_ACTIVE_ARCH = YES;
				SDKROOT = iphoneos;
			};
			name = Debug;
		};
		7141B30D193DBDFE0084F9F1 /* Release */ = {
			isa = XCBuildConfiguration;
			buildSettings = {
				ALWAYS_SEARCH_USER_PATHS = NO;
				CLANG_CXX_LANGUAGE_STANDARD = "gnu++0x";
				CLANG_CXX_LIBRARY = "libc++";
				CLANG_ENABLE_MODULES = YES;
				CLANG_ENABLE_OBJC_ARC = YES;
				CLANG_WARN_BOOL_CONVERSION = YES;
				CLANG_WARN_CONSTANT_CONVERSION = YES;
				CLANG_WARN_DIRECT_OBJC_ISA_USAGE = YES_ERROR;
				CLANG_WARN_EMPTY_BODY = YES;
				CLANG_WARN_ENUM_CONVERSION = YES;
				CLANG_WARN_INT_CONVERSION = YES;
				CLANG_WARN_OBJC_ROOT_CLASS = YES_ERROR;
				CLANG_WARN__DUPLICATE_METHOD_MATCH = YES;
				"CODE_SIGN_IDENTITY[sdk=iphoneos*]" = "iPhone Developer";
				COPY_PHASE_STRIP = YES;
				ENABLE_NS_ASSERTIONS = NO;
				GCC_C_LANGUAGE_STANDARD = gnu99;
				GCC_WARN_64_TO_32_BIT_CONVERSION = YES;
				GCC_WARN_ABOUT_RETURN_TYPE = YES_ERROR;
				GCC_WARN_UNDECLARED_SELECTOR = YES;
				GCC_WARN_UNINITIALIZED_AUTOS = YES_AGGRESSIVE;
				GCC_WARN_UNUSED_FUNCTION = YES;
				GCC_WARN_UNUSED_VARIABLE = YES;
				IPHONEOS_DEPLOYMENT_TARGET = 7.1;
				SDKROOT = iphoneos;
				VALIDATE_PRODUCT = YES;
			};
			name = Release;
		};
		7141B30F193DBDFE0084F9F1 /* Debug */ = {
			isa = XCBuildConfiguration;
			buildSettings = {
				ASSETCATALOG_COMPILER_APPICON_NAME = AppIcon;
				ASSETCATALOG_COMPILER_LAUNCHIMAGE_NAME = LaunchImage;
				GCC_PRECOMPILE_PREFIX_HEADER = YES;
				GCC_PREFIX_HEADER = "The Pomodoro/The Pomodoro-Prefix.pch";
				INFOPLIST_FILE = "The Pomodoro/The Pomodoro-Info.plist";
				PRODUCT_NAME = "$(TARGET_NAME)";
				WRAPPER_EXTENSION = app;
			};
			name = Debug;
		};
		7141B310193DBDFE0084F9F1 /* Release */ = {
			isa = XCBuildConfiguration;
			buildSettings = {
				ASSETCATALOG_COMPILER_APPICON_NAME = AppIcon;
				ASSETCATALOG_COMPILER_LAUNCHIMAGE_NAME = LaunchImage;
				GCC_PRECOMPILE_PREFIX_HEADER = YES;
				GCC_PREFIX_HEADER = "The Pomodoro/The Pomodoro-Prefix.pch";
				INFOPLIST_FILE = "The Pomodoro/The Pomodoro-Info.plist";
				PRODUCT_NAME = "$(TARGET_NAME)";
				WRAPPER_EXTENSION = app;
			};
			name = Release;
		};
		7141B312193DBDFE0084F9F1 /* Debug */ = {
			isa = XCBuildConfiguration;
			buildSettings = {
				BUNDLE_LOADER = "$(BUILT_PRODUCTS_DIR)/The Pomodoro.app/The Pomodoro";
				FRAMEWORK_SEARCH_PATHS = (
					"$(SDKROOT)/Developer/Library/Frameworks",
					"$(inherited)",
					"$(DEVELOPER_FRAMEWORKS_DIR)",
				);
				GCC_PRECOMPILE_PREFIX_HEADER = YES;
				GCC_PREFIX_HEADER = "The Pomodoro/The Pomodoro-Prefix.pch";
				GCC_PREPROCESSOR_DEFINITIONS = (
					"DEBUG=1",
					"$(inherited)",
				);
				INFOPLIST_FILE = "The PomodoroTests/The PomodoroTests-Info.plist";
				PRODUCT_NAME = "$(TARGET_NAME)";
				TEST_HOST = "$(BUNDLE_LOADER)";
				WRAPPER_EXTENSION = xctest;
			};
			name = Debug;
		};
		7141B313193DBDFE0084F9F1 /* Release */ = {
			isa = XCBuildConfiguration;
			buildSettings = {
				BUNDLE_LOADER = "$(BUILT_PRODUCTS_DIR)/The Pomodoro.app/The Pomodoro";
				FRAMEWORK_SEARCH_PATHS = (
					"$(SDKROOT)/Developer/Library/Frameworks",
					"$(inherited)",
					"$(DEVELOPER_FRAMEWORKS_DIR)",
				);
				GCC_PRECOMPILE_PREFIX_HEADER = YES;
				GCC_PREFIX_HEADER = "The Pomodoro/The Pomodoro-Prefix.pch";
				INFOPLIST_FILE = "The PomodoroTests/The PomodoroTests-Info.plist";
				PRODUCT_NAME = "$(TARGET_NAME)";
				TEST_HOST = "$(BUNDLE_LOADER)";
				WRAPPER_EXTENSION = xctest;
			};
			name = Release;
		};
/* End XCBuildConfiguration section */

/* Begin XCConfigurationList section */
		7141B2DD193DBDFD0084F9F1 /* Build configuration list for PBXProject "The Pomodoro" */ = {
			isa = XCConfigurationList;
			buildConfigurations = (
				7141B30C193DBDFE0084F9F1 /* Debug */,
				7141B30D193DBDFE0084F9F1 /* Release */,
			);
			defaultConfigurationIsVisible = 0;
			defaultConfigurationName = Release;
		};
		7141B30E193DBDFE0084F9F1 /* Build configuration list for PBXNativeTarget "The Pomodoro" */ = {
			isa = XCConfigurationList;
			buildConfigurations = (
				7141B30F193DBDFE0084F9F1 /* Debug */,
				7141B310193DBDFE0084F9F1 /* Release */,
			);
			defaultConfigurationIsVisible = 0;
		};
		7141B311193DBDFE0084F9F1 /* Build configuration list for PBXNativeTarget "The PomodoroTests" */ = {
			isa = XCConfigurationList;
			buildConfigurations = (
				7141B312193DBDFE0084F9F1 /* Debug */,
				7141B313193DBDFE0084F9F1 /* Release */,
			);
			defaultConfigurationIsVisible = 0;
		};
/* End XCConfigurationList section */
	};
	rootObject = 7141B2DA193DBDFD0084F9F1 /* Project object */;
}
